{
  "version": 1,
  "dependencies": {
    ".NETFramework,Version=v4.8": {
      "Digitalroot.References.Unity": {
        "type": "Direct",
        "requested": "[2022.3.17, )",
        "resolved": "2022.3.17",
        "contentHash": "edxgtveXwn+ACtMyak1McLwoQxKm/GXdh8Drcx2hoFl5VoFeR9wdwEz1yJdVtbamtecZOVghEn3tKKR3ekqOeg=="
      },
      "Digitalroot.Valheim.Common.References": {
        "type": "Direct",
        "requested": "[0.218.14, )",
        "resolved": "0.218.14",
        "contentHash": "8dMznAyPkousBWKy1zoq6JvYYLxEatNqoDoB9Ys/KfXSOHWnlLvrYmHwxB8tLb6lvruEQO0nBL/Il123lCIg/A=="
      },
      "Digitalroot.Valheim.References.JvL": {
        "type": "Direct",
        "requested": "[2.19.4, )",
        "resolved": "2.19.4",
        "contentHash": "dQd2yW6vti6c3emnD+uxNd+wU//LkHKLabkZV3aetFTco9mE+tFyNqZEe3xzk0dFfUyblmF06KqM9m8gJFBfdg=="
      },
      "LibZ.Tool": {
        "type": "Direct",
        "requested": "[1.2.0, )",
        "resolved": "1.2.0",
        "contentHash": "jcZROJ28bmrZx/RaFHcTlSy3x4SmSsMolJiKoluFFrE7oMiXUnYx1K+SJeHJhow05W0Rg9oi9HEyZWwdYSV3cw=="
      }
    }
  }
}