{
  "version": 1,
  "dependencies": {
    ".NETFramework,Version=v4.6.2": {
      "Digitalroot.Valheim.Common.References": {
        "type": "Direct",
        "requested": "[0.212.21, )",
        "resolved": "0.212.21",
        "contentHash": "+tvmtVUWdYUg98jhfMBvOiTn1i8Lz5HpVJsd8CKaWVEocBOfaRZc+wuvQy90X/dP0+2A5pmu3tToxS9osIrJ5A=="
      },
      "fastJSON": {
        "type": "Direct",
        "requested": "[2.4.0.4, )",
        "resolved": "2.4.0.4",
        "contentHash": "lbxY+miTOvCNbNfOk8HcbmBD9F6wv2dRKZlMjtJBm6rjA5vFKXBYtR6eoIe96HnCHOE1nCJbMsaZDKGNPg5mIA=="
      }
    }
  }
}